
Microsoft Visual Studio Solution File, Format Version 12.00
# Visual Studio Version 17
VisualStudioVersion = 17.5.33530.505
MinimumVisualStudioVersion = 10.0.40219.1
Project("{9A19103F-16F7-4668-BE54-9A1E7A4F7556}") = "permita-se", "permita-se.csproj", "{FDF5C7B3-8BFB-4C5F-9EE6-7C3AF6BF7333}"
EndProject
Global
	GlobalSection(SolutionConfigurationPlatforms) = preSolution
		Debug|Any CPU = Debug|Any CPU
		Release|Any CPU = Release|Any CPU
	EndGlobalSection
	GlobalSection(ProjectConfigurationPlatforms) = postSolution
		{FDF5C7B3-8BFB-4C5F-9EE6-7C3AF6BF7333}.Debug|Any CPU.ActiveCfg = Debug|Any CPU
		{FDF5C7B3-8BFB-4C5F-9EE6-7C3AF6BF7333}.Debug|Any CPU.Build.0 = Debug|Any CPU
		{FDF5C7B3-8BFB-4C5F-9EE6-7C3AF6BF7333}.Release|Any CPU.ActiveCfg = Release|Any CPU
		{FDF5C7B3-8BFB-4C5F-9EE6-7C3AF6BF7333}.Release|Any CPU.Build.0 = Release|Any CPU
	EndGlobalSection
	GlobalSection(SolutionProperties) = preSolution
		HideSolutionNode = FALSE
	EndGlobalSection
	GlobalSection(ExtensibilityGlobals) = postSolution
		SolutionGuid = {82FB2F5E-1DD4-4B6E-97DD-A36B4578A2D9}
	EndGlobalSection
EndGlobal
